
Microsoft Visual Studio Solution File, Format Version 12.00
# Visual Studio Version 17
VisualStudioVersion = 17.9.34902.65
MinimumVisualStudioVersion = 10.0.40219.1
Project("{9A19103F-16F7-4668-BE54-9A1E7A4F7556}") = "3.TaskQuiz", "3.TaskQuiz.csproj", "{3DB661DA-D4B8-45BE-9613-CB3971BA5F6B}"
EndProject
Global
	GlobalSection(SolutionConfigurationPlatforms) = preSolution
		Debug|Any CPU = Debug|Any CPU
		Release|Any CPU = Release|Any CPU
	EndGlobalSection
	GlobalSection(ProjectConfigurationPlatforms) = postSolution
		{3DB661DA-D4B8-45BE-9613-CB3971BA5F6B}.Debug|Any CPU.ActiveCfg = Debug|Any CPU
		{3DB661DA-D4B8-45BE-9613-CB3971BA5F6B}.Debug|Any CPU.Build.0 = Debug|Any CPU
		{3DB661DA-D4B8-45BE-9613-CB3971BA5F6B}.Release|Any CPU.ActiveCfg = Release|Any CPU
		{3DB661DA-D4B8-45BE-9613-CB3971BA5F6B}.Release|Any CPU.Build.0 = Release|Any CPU
	EndGlobalSection
	GlobalSection(SolutionProperties) = preSolution
		HideSolutionNode = FALSE
	EndGlobalSection
	GlobalSection(ExtensibilityGlobals) = postSolution
		SolutionGuid = {A919285C-9BFF-4D2D-99AF-D65962E0AC48}
	EndGlobalSection
EndGlobal
